
Microsoft Visual Studio Solution File, Format Version 12.00
# Visual Studio Version 17
VisualStudioVersion = 17.13.35913.81 d17.13
MinimumVisualStudioVersion = 10.0.40219.1
Project("{FAE04EC0-301F-11D3-BF4B-00C04F79EFBC}") = "greenByte", "greenByte.csproj", "{8363F9B8-006C-4730-8890-8167DB787676}"
EndProject
Global
	GlobalSection(SolutionConfigurationPlatforms) = preSolution
		Debug|Any CPU = Debug|Any CPU
		Release|Any CPU = Release|Any CPU
	EndGlobalSection
	GlobalSection(ProjectConfigurationPlatforms) = postSolution
		{8363F9B8-006C-4730-8890-8167DB787676}.Debug|Any CPU.ActiveCfg = Debug|Any CPU
		{8363F9B8-006C-4730-8890-8167DB787676}.Debug|Any CPU.Build.0 = Debug|Any CPU
		{8363F9B8-006C-4730-8890-8167DB787676}.Release|Any CPU.ActiveCfg = Release|Any CPU
		{8363F9B8-006C-4730-8890-8167DB787676}.Release|Any CPU.Build.0 = Release|Any CPU
	EndGlobalSection
	GlobalSection(SolutionProperties) = preSolution
		HideSolutionNode = FALSE
	EndGlobalSection
	GlobalSection(ExtensibilityGlobals) = postSolution
		SolutionGuid = {3CDAF3C3-A01D-46AE-85B4-2C5B2CEC5A05}
	EndGlobalSection
EndGlobal
